
Microsoft Visual Studio Solution File, Format Version 12.00
# Visual Studio 2012
Project("{FAE04EC0-301F-11D3-BF4B-00C04F79EFBC}") = "Task1", "Task1\Task1.csproj", "{EF32AE86-8064-402B-B3E8-8B503018722F}"
EndProject
Global
	GlobalSection(SolutionConfigurationPlatforms) = preSolution
		Debug|x86 = Debug|x86
		Release|x86 = Release|x86
	EndGlobalSection
	GlobalSection(ProjectConfigurationPlatforms) = postSolution
		{EF32AE86-8064-402B-B3E8-8B503018722F}.Debug|x86.ActiveCfg = Debug|x86
		{EF32AE86-8064-402B-B3E8-8B503018722F}.Debug|x86.Build.0 = Debug|x86
		{EF32AE86-8064-402B-B3E8-8B503018722F}.Release|x86.ActiveCfg = Release|x86
		{EF32AE86-8064-402B-B3E8-8B503018722F}.Release|x86.Build.0 = Release|x86
	EndGlobalSection
EndGlobal
